
Microsoft Visual Studio Solution File, Format Version 12.00
Project("{FAE04EC0-301F-11D3-BF4B-00C04F79EFBC}") = "TestHost", "TestHost\TestHost.csproj", "{42EB5784-1219-40AF-AA7C-887252BC125D}"
EndProject
Global
	GlobalSection(SolutionConfigurationPlatforms) = preSolution
		Debug|Any CPU = Debug|Any CPU
		Release|Any CPU = Release|Any CPU
	EndGlobalSection
	GlobalSection(ProjectConfigurationPlatforms) = postSolution
		{42EB5784-1219-40AF-AA7C-887252BC125D}.Debug|Any CPU.ActiveCfg = Debug|Any CPU
		{42EB5784-1219-40AF-AA7C-887252BC125D}.Debug|Any CPU.Build.0 = Debug|Any CPU
		{42EB5784-1219-40AF-AA7C-887252BC125D}.Release|Any CPU.ActiveCfg = Release|Any CPU
		{42EB5784-1219-40AF-AA7C-887252BC125D}.Release|Any CPU.Build.0 = Release|Any CPU
	EndGlobalSection
EndGlobal
